
Microsoft Visual Studio Solution File, Format Version 12.00
# Visual Studio 15
VisualStudioVersion = 15.0.28307.421
MinimumVisualStudioVersion = 10.0.40219.1
Project("{9A19103F-16F7-4668-BE54-9A1E7A4F7556}") = "TwoDogsCreativeWebSite", "TwoDogsCreativeWebSite.csproj", "{408A65EB-F3DF-4F73-8E03-797E75504E46}"
EndProject
Global
	GlobalSection(SolutionConfigurationPlatforms) = preSolution
		Debug|Any CPU = Debug|Any CPU
		Release|Any CPU = Release|Any CPU
	EndGlobalSection
	GlobalSection(ProjectConfigurationPlatforms) = postSolution
		{408A65EB-F3DF-4F73-8E03-797E75504E46}.Debug|Any CPU.ActiveCfg = Debug|Any CPU
		{408A65EB-F3DF-4F73-8E03-797E75504E46}.Debug|Any CPU.Build.0 = Debug|Any CPU
		{408A65EB-F3DF-4F73-8E03-797E75504E46}.Release|Any CPU.ActiveCfg = Release|Any CPU
		{408A65EB-F3DF-4F73-8E03-797E75504E46}.Release|Any CPU.Build.0 = Release|Any CPU
	EndGlobalSection
	GlobalSection(SolutionProperties) = preSolution
		HideSolutionNode = FALSE
	EndGlobalSection
	GlobalSection(ExtensibilityGlobals) = postSolution
		SolutionGuid = {E0ADDC68-9115-41FC-BF7D-33B6B6DD2232}
	EndGlobalSection
EndGlobal
